
Microsoft Visual Studio Solution File, Format Version 12.00
# Visual Studio Version 17
VisualStudioVersion = 17.2.32616.157
MinimumVisualStudioVersion = 10.0.40219.1
Project("{FAE04EC0-301F-11D3-BF4B-00C04F79EFBC}") = "ECommerce", "ECommerce\ECommerce.csproj", "{79923C26-DBDD-46B2-B684-7CF1B46D553A}"
EndProject
Global
	GlobalSection(SolutionConfigurationPlatforms) = preSolution
		Debug|Any CPU = Debug|Any CPU
		Release|Any CPU = Release|Any CPU
	EndGlobalSection
	GlobalSection(ProjectConfigurationPlatforms) = postSolution
		{79923C26-DBDD-46B2-B684-7CF1B46D553A}.Debug|Any CPU.ActiveCfg = Debug|Any CPU
		{79923C26-DBDD-46B2-B684-7CF1B46D553A}.Debug|Any CPU.Build.0 = Debug|Any CPU
		{79923C26-DBDD-46B2-B684-7CF1B46D553A}.Release|Any CPU.ActiveCfg = Release|Any CPU
		{79923C26-DBDD-46B2-B684-7CF1B46D553A}.Release|Any CPU.Build.0 = Release|Any CPU
	EndGlobalSection
	GlobalSection(SolutionProperties) = preSolution
		HideSolutionNode = FALSE
	EndGlobalSection
	GlobalSection(ExtensibilityGlobals) = postSolution
		SolutionGuid = {21A2A3C5-420D-499D-8E14-963408E71235}
	EndGlobalSection
EndGlobal
